// !$*UTF8*$!
{
	archiveVersion = 1;
	classes = {
	};
	objectVersion = 56;
	objects = {

/* Begin PBXBuildFile section */
		549CA800DAB14D74B8B37F58 /* BedLockApp.swift in Sources */ = {isa = PBXBuildFile; fileRef = B44E8243270344909AF0EAFD /* BedLockApp.swift */; };
		D044D9F96F184D75A9A7141F /* GamificationManager.swift in Sources */ = {isa = PBXBuildFile; fileRef = 3C89418857474B9A9D044742 /* GamificationManager.swift */; };
		C68F955936A64A93B7444CD7 /* HabitManager.swift in Sources */ = {isa = PBXBuildFile; fileRef = F06459DE7F3A4499A0C28133 /* HabitManager.swift */; };
		5BE69A6341144913BEBA1AE2 /* ScheduleManager.swift in Sources */ = {isa = PBXBuildFile; fileRef = 5F2C5A15AB0449BAB7135923 /* ScheduleManager.swift */; };
		9A692D7D2811457C80CC21AE /* ModelRetrainReminderManager.swift in Sources */ = {isa = PBXBuildFile; fileRef = E0AE3D570CEB48D287E2AFEE /* ModelRetrainReminderManager.swift */; };
		8ECECF0412F44863B27E5961 /* BedVerificationService.swift in Sources */ = {isa = PBXBuildFile; fileRef = A23202DEC1E646D596F846D4 /* BedVerificationService.swift */; };
		3FC3AEDA890A4A30AE4D2E81 /* BedVerifying.swift in Sources */ = {isa = PBXBuildFile; fileRef = 5C69BAF7A0B54F82B3CC00BC /* BedVerifying.swift */; };
		8DCB385C89984C158665E908 /* CameraService.swift in Sources */ = {isa = PBXBuildFile; fileRef = CFFAFB8459B644B78F47C77D /* CameraService.swift */; };
		BBC7DDAC2966494A95C5C8B2 /* CoreMLBedVerificationService.swift in Sources */ = {isa = PBXBuildFile; fileRef = 8A8F81399442419E92668F38 /* CoreMLBedVerificationService.swift */; };
		391A2F74E8E9447A9D509C2C /* VisionBedVerificationService.swift in Sources */ = {isa = PBXBuildFile; fileRef = E25F12640E1942F4A0185349 /* VisionBedVerificationService.swift */; };
		A5599D88894D4CA89BD03912 /* ModelImportService.swift in Sources */ = {isa = PBXBuildFile; fileRef = DD5B4E2ACE7D4069977035B6 /* ModelImportService.swift */; };
		D93F842AC73643ACA122ACD6 /* AppRouter.swift in Sources */ = {isa = PBXBuildFile; fileRef = 687D8F312A194744ABE40B5B /* AppRouter.swift */; };
		C4C4781E3C42447AB9F5B786 /* AppDependencies.swift in Sources */ = {isa = PBXBuildFile; fileRef = CD68A7E524D94923AEEAF857 /* AppDependencies.swift */; };
		FBD24F964C704F538CFC78BF /* VerifyBedMadeIntent.swift in Sources */ = {isa = PBXBuildFile; fileRef = 209F85D0CC1F47C6911DD60E /* VerifyBedMadeIntent.swift */; };
		2F935C21275E40D9A8B26CB0 /* CameraVerificationViewModel.swift in Sources */ = {isa = PBXBuildFile; fileRef = 84499A47C8BB4FCC9EB8B332 /* CameraVerificationViewModel.swift */; };
		1C9D6A990DC649958E94404A /* DashboardViewModel.swift in Sources */ = {isa = PBXBuildFile; fileRef = D2CF8C1891AF40FD828B1870 /* DashboardViewModel.swift */; };
		EBEE5C75CDA244969CC032C8 /* HabitsViewModel.swift in Sources */ = {isa = PBXBuildFile; fileRef = 87FA4392940648D68B40AD6A /* HabitsViewModel.swift */; };
		DD43DCAB567A4081BE08B005 /* HistoryViewModel.swift in Sources */ = {isa = PBXBuildFile; fileRef = 73BB7B5324624DF7A1BA5C63 /* HistoryViewModel.swift */; };
		1E0C2C64FEB740E79D7328B3 /* ProgressStatsViewModel.swift in Sources */ = {isa = PBXBuildFile; fileRef = FBD1334133FD47D394CA548E /* ProgressStatsViewModel.swift */; };
		3B016248241E43D697A255E8 /* ScheduleViewModel.swift in Sources */ = {isa = PBXBuildFile; fileRef = 5182A379660F4A3E84D8B13F /* ScheduleViewModel.swift */; };
		8320B91CFE2C42019654804B /* SettingsViewModel.swift in Sources */ = {isa = PBXBuildFile; fileRef = 7E76B2F86E3D4ED08991C963 /* SettingsViewModel.swift */; };
		1377CAA8CAB94641BAFD1CAC /* CameraCaptureRepresentable.swift in Sources */ = {isa = PBXBuildFile; fileRef = 489F9B4709B2454EAB77F719 /* CameraCaptureRepresentable.swift */; };
		835E18DEFD714B0CB184894D /* CameraVerificationView.swift in Sources */ = {isa = PBXBuildFile; fileRef = 54B27759661B4636A219EAF4 /* CameraVerificationView.swift */; };
		A76A2499E0E344C0A0FFB88B /* ConfettiView.swift in Sources */ = {isa = PBXBuildFile; fileRef = B4C84CB057AB4454B2770938 /* ConfettiView.swift */; };
		7A909082DC00405F8C354DE6 /* ContentView.swift in Sources */ = {isa = PBXBuildFile; fileRef = ECAB62DF994E41F2969808EE /* ContentView.swift */; };
		57DBA90651F9417C8F39660C /* DashboardView.swift in Sources */ = {isa = PBXBuildFile; fileRef = F6D2F3926C174B30BA6A94E2 /* DashboardView.swift */; };
		13F647DC4206461CA9FFA75C /* HabitsView.swift in Sources */ = {isa = PBXBuildFile; fileRef = 0E8A584359354E66BCDB308F /* HabitsView.swift */; };
		E1DD96D26B01453E96782128 /* HistoryView.swift in Sources */ = {isa = PBXBuildFile; fileRef = 18557F6827C94805BFB38548 /* HistoryView.swift */; };
		CCC6D4EAA4014C6AB5E837E8 /* ProgressStatsView.swift in Sources */ = {isa = PBXBuildFile; fileRef = 7ED59A5164684A008178BD8A /* ProgressStatsView.swift */; };
		E825BCFE234B46FDB81AE774 /* ScheduleView.swift in Sources */ = {isa = PBXBuildFile; fileRef = AC33B00592B7487390409A33 /* ScheduleView.swift */; };
		FA63DD6734AC47A3B90D1A00 /* SettingsView.swift in Sources */ = {isa = PBXBuildFile; fileRef = 19E7C22AECB94AEF856D3A38 /* SettingsView.swift */; };
		71712D268A7B45FAA1143E0C /* Achievement.swift in Sources */ = {isa = PBXBuildFile; fileRef = D28FC89B067F4B08BCA13A77 /* Achievement.swift */; };
		D81756A027EB46FC93838A6C /* DailyProgress.swift in Sources */ = {isa = PBXBuildFile; fileRef = 00D0D80664FA4F49BDCDFA41 /* DailyProgress.swift */; };
		A6DC55E2E4D74F69A9497AEC /* Habit.swift in Sources */ = {isa = PBXBuildFile; fileRef = 4FAE68ACBDD94636A3638C84 /* Habit.swift */; };
		4B24AFA8539E443DAF4D98DE /* LevelInfo.swift in Sources */ = {isa = PBXBuildFile; fileRef = BC1590503AF849FCA1B53473 /* LevelInfo.swift */; };
		8D4663C83839487D964607AD /* Quest.swift in Sources */ = {isa = PBXBuildFile; fileRef = 8A5AD064C1AA4DE2AC431D14 /* Quest.swift */; };
		E1C17BCF0D0046899EBC05C5 /* ScheduleModel.swift in Sources */ = {isa = PBXBuildFile; fileRef = 8314172A8CAF4C3A89E145E2 /* ScheduleModel.swift */; };
		737431A1BAB44E2182EDCD64 /* UnlockHistoryEntry.swift in Sources */ = {isa = PBXBuildFile; fileRef = 3CF3F2295A6C4EEA831E12C2 /* UnlockHistoryEntry.swift */; };
		B6461A8B9AFC44A1BD09DB9C /* VerificationResult.swift in Sources */ = {isa = PBXBuildFile; fileRef = B863087F566346629C5884E8 /* VerificationResult.swift */; };
		56166596B3714237AF3DC97D /* NotificationService.swift in Sources */ = {isa = PBXBuildFile; fileRef = 7F0A376FF3D443F3AFDDB130 /* NotificationService.swift */; };
		58BCE714438048FF84684F31 /* PersistenceService.swift in Sources */ = {isa = PBXBuildFile; fileRef = 906377A2163E485CB77763AB /* PersistenceService.swift */; };
		1D8BDE53734D42929F778F2C /* Assets.xcassets in Resources */ = {isa = PBXBuildFile; fileRef = EA4972394353459D8DC93DFE /* Assets.xcassets */; };
		B96DDBF1CD704A888374F432 /* AppIntents.framework in Frameworks */ = {isa = PBXBuildFile; fileRef = 798E2D77230F44A093192F4E /* AppIntents.framework */; };
/* End PBXBuildFile section */

/* Begin PBXFileReference section */
		B44E8243270344909AF0EAFD /* BedLockApp.swift */ = {isa = PBXFileReference; lastKnownFileType = sourcecode.swift; path = BedLockApp.swift; sourceTree = "<group>"; };
		3C89418857474B9A9D044742 /* GamificationManager.swift */ = {isa = PBXFileReference; lastKnownFileType = sourcecode.swift; path = GamificationManager.swift; sourceTree = "<group>"; };
		F06459DE7F3A4499A0C28133 /* HabitManager.swift */ = {isa = PBXFileReference; lastKnownFileType = sourcecode.swift; path = HabitManager.swift; sourceTree = "<group>"; };
		5F2C5A15AB0449BAB7135923 /* ScheduleManager.swift */ = {isa = PBXFileReference; lastKnownFileType = sourcecode.swift; path = ScheduleManager.swift; sourceTree = "<group>"; };
		E0AE3D570CEB48D287E2AFEE /* ModelRetrainReminderManager.swift */ = {isa = PBXFileReference; lastKnownFileType = sourcecode.swift; path = ModelRetrainReminderManager.swift; sourceTree = "<group>"; };
		A23202DEC1E646D596F846D4 /* BedVerificationService.swift */ = {isa = PBXFileReference; lastKnownFileType = sourcecode.swift; path = BedVerificationService.swift; sourceTree = "<group>"; };
		5C69BAF7A0B54F82B3CC00BC /* BedVerifying.swift */ = {isa = PBXFileReference; lastKnownFileType = sourcecode.swift; path = BedVerifying.swift; sourceTree = "<group>"; };
		CFFAFB8459B644B78F47C77D /* CameraService.swift */ = {isa = PBXFileReference; lastKnownFileType = sourcecode.swift; path = CameraService.swift; sourceTree = "<group>"; };
		8A8F81399442419E92668F38 /* CoreMLBedVerificationService.swift */ = {isa = PBXFileReference; lastKnownFileType = sourcecode.swift; path = CoreMLBedVerificationService.swift; sourceTree = "<group>"; };
		E25F12640E1942F4A0185349 /* VisionBedVerificationService.swift */ = {isa = PBXFileReference; lastKnownFileType = sourcecode.swift; path = VisionBedVerificationService.swift; sourceTree = "<group>"; };
		DD5B4E2ACE7D4069977035B6 /* ModelImportService.swift */ = {isa = PBXFileReference; lastKnownFileType = sourcecode.swift; path = ModelImportService.swift; sourceTree = "<group>"; };
		687D8F312A194744ABE40B5B /* AppRouter.swift */ = {isa = PBXFileReference; lastKnownFileType = sourcecode.swift; path = AppRouter.swift; sourceTree = "<group>"; };
		CD68A7E524D94923AEEAF857 /* AppDependencies.swift */ = {isa = PBXFileReference; lastKnownFileType = sourcecode.swift; path = AppDependencies.swift; sourceTree = "<group>"; };
		209F85D0CC1F47C6911DD60E /* VerifyBedMadeIntent.swift */ = {isa = PBXFileReference; lastKnownFileType = sourcecode.swift; path = VerifyBedMadeIntent.swift; sourceTree = "<group>"; };
		84499A47C8BB4FCC9EB8B332 /* CameraVerificationViewModel.swift */ = {isa = PBXFileReference; lastKnownFileType = sourcecode.swift; path = CameraVerificationViewModel.swift; sourceTree = "<group>"; };
		D2CF8C1891AF40FD828B1870 /* DashboardViewModel.swift */ = {isa = PBXFileReference; lastKnownFileType = sourcecode.swift; path = DashboardViewModel.swift; sourceTree = "<group>"; };
		87FA4392940648D68B40AD6A /* HabitsViewModel.swift */ = {isa = PBXFileReference; lastKnownFileType = sourcecode.swift; path = HabitsViewModel.swift; sourceTree = "<group>"; };
		73BB7B5324624DF7A1BA5C63 /* HistoryViewModel.swift */ = {isa = PBXFileReference; lastKnownFileType = sourcecode.swift; path = HistoryViewModel.swift; sourceTree = "<group>"; };
		FBD1334133FD47D394CA548E /* ProgressStatsViewModel.swift */ = {isa = PBXFileReference; lastKnownFileType = sourcecode.swift; path = ProgressStatsViewModel.swift; sourceTree = "<group>"; };
		5182A379660F4A3E84D8B13F /* ScheduleViewModel.swift */ = {isa = PBXFileReference; lastKnownFileType = sourcecode.swift; path = ScheduleViewModel.swift; sourceTree = "<group>"; };
		7E76B2F86E3D4ED08991C963 /* SettingsViewModel.swift */ = {isa = PBXFileReference; lastKnownFileType = sourcecode.swift; path = SettingsViewModel.swift; sourceTree = "<group>"; };
		489F9B4709B2454EAB77F719 /* CameraCaptureRepresentable.swift */ = {isa = PBXFileReference; lastKnownFileType = sourcecode.swift; path = CameraCaptureRepresentable.swift; sourceTree = "<group>"; };
		54B27759661B4636A219EAF4 /* CameraVerificationView.swift */ = {isa = PBXFileReference; lastKnownFileType = sourcecode.swift; path = CameraVerificationView.swift; sourceTree = "<group>"; };
		B4C84CB057AB4454B2770938 /* ConfettiView.swift */ = {isa = PBXFileReference; lastKnownFileType = sourcecode.swift; path = ConfettiView.swift; sourceTree = "<group>"; };
		ECAB62DF994E41F2969808EE /* ContentView.swift */ = {isa = PBXFileReference; lastKnownFileType = sourcecode.swift; path = ContentView.swift; sourceTree = "<group>"; };
		F6D2F3926C174B30BA6A94E2 /* DashboardView.swift */ = {isa = PBXFileReference; lastKnownFileType = sourcecode.swift; path = DashboardView.swift; sourceTree = "<group>"; };
		0E8A584359354E66BCDB308F /* HabitsView.swift */ = {isa = PBXFileReference; lastKnownFileType = sourcecode.swift; path = HabitsView.swift; sourceTree = "<group>"; };
		18557F6827C94805BFB38548 /* HistoryView.swift */ = {isa = PBXFileReference; lastKnownFileType = sourcecode.swift; path = HistoryView.swift; sourceTree = "<group>"; };
		7ED59A5164684A008178BD8A /* ProgressStatsView.swift */ = {isa = PBXFileReference; lastKnownFileType = sourcecode.swift; path = ProgressStatsView.swift; sourceTree = "<group>"; };
		AC33B00592B7487390409A33 /* ScheduleView.swift */ = {isa = PBXFileReference; lastKnownFileType = sourcecode.swift; path = ScheduleView.swift; sourceTree = "<group>"; };
		19E7C22AECB94AEF856D3A38 /* SettingsView.swift */ = {isa = PBXFileReference; lastKnownFileType = sourcecode.swift; path = SettingsView.swift; sourceTree = "<group>"; };
		D28FC89B067F4B08BCA13A77 /* Achievement.swift */ = {isa = PBXFileReference; lastKnownFileType = sourcecode.swift; path = Achievement.swift; sourceTree = "<group>"; };
		00D0D80664FA4F49BDCDFA41 /* DailyProgress.swift */ = {isa = PBXFileReference; lastKnownFileType = sourcecode.swift; path = DailyProgress.swift; sourceTree = "<group>"; };
		4FAE68ACBDD94636A3638C84 /* Habit.swift */ = {isa = PBXFileReference; lastKnownFileType = sourcecode.swift; path = Habit.swift; sourceTree = "<group>"; };
		BC1590503AF849FCA1B53473 /* LevelInfo.swift */ = {isa = PBXFileReference; lastKnownFileType = sourcecode.swift; path = LevelInfo.swift; sourceTree = "<group>"; };
		8A5AD064C1AA4DE2AC431D14 /* Quest.swift */ = {isa = PBXFileReference; lastKnownFileType = sourcecode.swift; path = Quest.swift; sourceTree = "<group>"; };
		8314172A8CAF4C3A89E145E2 /* ScheduleModel.swift */ = {isa = PBXFileReference; lastKnownFileType = sourcecode.swift; path = ScheduleModel.swift; sourceTree = "<group>"; };
		3CF3F2295A6C4EEA831E12C2 /* UnlockHistoryEntry.swift */ = {isa = PBXFileReference; lastKnownFileType = sourcecode.swift; path = UnlockHistoryEntry.swift; sourceTree = "<group>"; };
		B863087F566346629C5884E8 /* VerificationResult.swift */ = {isa = PBXFileReference; lastKnownFileType = sourcecode.swift; path = VerificationResult.swift; sourceTree = "<group>"; };
		7F0A376FF3D443F3AFDDB130 /* NotificationService.swift */ = {isa = PBXFileReference; lastKnownFileType = sourcecode.swift; path = NotificationService.swift; sourceTree = "<group>"; };
		906377A2163E485CB77763AB /* PersistenceService.swift */ = {isa = PBXFileReference; lastKnownFileType = sourcecode.swift; path = PersistenceService.swift; sourceTree = "<group>"; };
		EA4972394353459D8DC93DFE /* Assets.xcassets */ = {isa = PBXFileReference; lastKnownFileType = folder.assetcatalog; path = Assets.xcassets; sourceTree = "<group>"; };
		C8AC50EB9A374A2F9C205679 /* Info.plist */ = {isa = PBXFileReference; lastKnownFileType = text.plist.xml; path = Info.plist; sourceTree = "<group>"; };
		798E2D77230F44A093192F4E /* AppIntents.framework */ = {isa = PBXFileReference; lastKnownFileType = wrapper.framework; name = AppIntents.framework; path = System/Library/Frameworks/AppIntents.framework; sourceTree = SDKROOT; };
		F62F9CF61E344A8A8611C27A /* BedLock.app */ = {isa = PBXFileReference; explicitFileType = wrapper.application; includeInIndex = 0; path = BedLock.app; sourceTree = BUILT_PRODUCTS_DIR; };
/* End PBXFileReference section */

/* Begin PBXFrameworksBuildPhase section */
		8376AAD7680843458872E389 /* Frameworks */ = {
			isa = PBXFrameworksBuildPhase;
			buildActionMask = 2147483647;
			files = (
				B96DDBF1CD704A888374F432 /* AppIntents.framework in Frameworks */,
			);
			runOnlyForDeploymentPostprocessing = 0;
		};
/* End PBXFrameworksBuildPhase section */

/* Begin PBXGroup section */
		DB52231640204E3389AEF148 = {
			isa = PBXGroup;
			children = (
				163A3399FD454D5592178A49 /* BedLock */,
				A04635EEA154434683E0A218 /* Products */,
			);
			sourceTree = "<group>";
		};
		A04635EEA154434683E0A218 /* Products */ = {
			isa = PBXGroup;
			children = (
				F62F9CF61E344A8A8611C27A /* BedLock.app */,
			);
			name = Products;
			sourceTree = "<group>";
		};
		CBBC5BE5CA2F4FC9933215BB /* Resources */ = {
			isa = PBXGroup;
			children = (
				EA4972394353459D8DC93DFE /* Assets.xcassets */,
			);
			path = Resources;
			sourceTree = "<group>";
		};
		D14D341A922D4FABAAE9C7BC /* Models */ = {
			isa = PBXGroup;
			children = (
				D28FC89B067F4B08BCA13A77 /* Achievement.swift */,
				00D0D80664FA4F49BDCDFA41 /* DailyProgress.swift */,
				4FAE68ACBDD94636A3638C84 /* Habit.swift */,
				BC1590503AF849FCA1B53473 /* LevelInfo.swift */,
				8A5AD064C1AA4DE2AC431D14 /* Quest.swift */,
				8314172A8CAF4C3A89E145E2 /* ScheduleModel.swift */,
				3CF3F2295A6C4EEA831E12C2 /* UnlockHistoryEntry.swift */,
				B863087F566346629C5884E8 /* VerificationResult.swift */,
			);
			path = Models;
			sourceTree = "<group>";
		};
		7967C2B802AA4F6F8AEE30BF /* Shared */ = {
			isa = PBXGroup;
			children = (
				D14D341A922D4FABAAE9C7BC /* Models */,
				7F0A376FF3D443F3AFDDB130 /* NotificationService.swift */,
				906377A2163E485CB77763AB /* PersistenceService.swift */,
			);
			path = Shared;
			sourceTree = "<group>";
		};
		67611622D7F744DD82A93491 /* Managers */ = {
			isa = PBXGroup;
			children = (
				3C89418857474B9A9D044742 /* GamificationManager.swift */,
				F06459DE7F3A4499A0C28133 /* HabitManager.swift */,
				5F2C5A15AB0449BAB7135923 /* ScheduleManager.swift */,
				E0AE3D570CEB48D287E2AFEE /* ModelRetrainReminderManager.swift */,
			);
			path = Managers;
			sourceTree = "<group>";
		};
		00431F2E542640D4B8825291 /* Services */ = {
			isa = PBXGroup;
			children = (
				A23202DEC1E646D596F846D4 /* BedVerificationService.swift */,
				5C69BAF7A0B54F82B3CC00BC /* BedVerifying.swift */,
				CFFAFB8459B644B78F47C77D /* CameraService.swift */,
				8A8F81399442419E92668F38 /* CoreMLBedVerificationService.swift */,
				E25F12640E1942F4A0185349 /* VisionBedVerificationService.swift */,
				DD5B4E2ACE7D4069977035B6 /* ModelImportService.swift */,
			);
			path = Services;
			sourceTree = "<group>";
		};
		E4D2636CEF1542EF8DBB6604 /* Intents */ = {
			isa = PBXGroup;
			children = (
				687D8F312A194744ABE40B5B /* AppRouter.swift */,
				CD68A7E524D94923AEEAF857 /* AppDependencies.swift */,
				209F85D0CC1F47C6911DD60E /* VerifyBedMadeIntent.swift */,
			);
			path = Intents;
			sourceTree = "<group>";
		};
		F5BFE3C5AFEE472D9DDFFE6A /* ViewModels */ = {
			isa = PBXGroup;
			children = (
				84499A47C8BB4FCC9EB8B332 /* CameraVerificationViewModel.swift */,
				D2CF8C1891AF40FD828B1870 /* DashboardViewModel.swift */,
				87FA4392940648D68B40AD6A /* HabitsViewModel.swift */,
				73BB7B5324624DF7A1BA5C63 /* HistoryViewModel.swift */,
				FBD1334133FD47D394CA548E /* ProgressStatsViewModel.swift */,
				5182A379660F4A3E84D8B13F /* ScheduleViewModel.swift */,
				7E76B2F86E3D4ED08991C963 /* SettingsViewModel.swift */,
			);
			path = ViewModels;
			sourceTree = "<group>";
		};
		B044EDD1382D42CABC952B3B /* Views */ = {
			isa = PBXGroup;
			children = (
				489F9B4709B2454EAB77F719 /* CameraCaptureRepresentable.swift */,
				54B27759661B4636A219EAF4 /* CameraVerificationView.swift */,
				B4C84CB057AB4454B2770938 /* ConfettiView.swift */,
				ECAB62DF994E41F2969808EE /* ContentView.swift */,
				F6D2F3926C174B30BA6A94E2 /* DashboardView.swift */,
				0E8A584359354E66BCDB308F /* HabitsView.swift */,
				18557F6827C94805BFB38548 /* HistoryView.swift */,
				7ED59A5164684A008178BD8A /* ProgressStatsView.swift */,
				AC33B00592B7487390409A33 /* ScheduleView.swift */,
				19E7C22AECB94AEF856D3A38 /* SettingsView.swift */,
			);
			path = Views;
			sourceTree = "<group>";
		};
		163A3399FD454D5592178A49 /* BedLock */ = {
			isa = PBXGroup;
			children = (
				B44E8243270344909AF0EAFD /* BedLockApp.swift */,
				67611622D7F744DD82A93491 /* Managers */,
				00431F2E542640D4B8825291 /* Services */,
				E4D2636CEF1542EF8DBB6604 /* Intents */,
				F5BFE3C5AFEE472D9DDFFE6A /* ViewModels */,
				B044EDD1382D42CABC952B3B /* Views */,
				7967C2B802AA4F6F8AEE30BF /* Shared */,
				CBBC5BE5CA2F4FC9933215BB /* Resources */,
				C8AC50EB9A374A2F9C205679 /* Info.plist */,
			);
			path = BedLock;
			sourceTree = "<group>";
		};
/* End PBXGroup section */

/* Begin PBXNativeTarget section */
		2A01F0C964D4433D96BCA145 /* BedLock */ = {
			isa = PBXNativeTarget;
			buildConfigurationList = 95C07702D8CF450C864A585B /* Build configuration list for PBXNativeTarget "BedLock" */;
			buildPhases = (
				D77B47E2133D4E76B81DE95A /* Sources */,
				8376AAD7680843458872E389 /* Frameworks */,
				19CC325B134E45B682ACA588 /* Resources */,
			);
			buildRules = (
			);
			dependencies = (
			);
			name = BedLock;
			productName = BedLock;
			productReference = F62F9CF61E344A8A8611C27A /* BedLock.app */;
			productType = "com.apple.product-type.application";
		};
/* End PBXNativeTarget section */

/* Begin PBXProject section */
		CD1DDDA3A71546A2AA378AB2 /* Project object */ = {
			isa = PBXProject;
			attributes = {
				BuildIndependentTargetsInParallel = 1;
				LastSwiftUpdateCheck = 1600;
				LastUpgradeCheck = 1600;
				TargetAttributes = {
					2A01F0C964D4433D96BCA145 = {
						CreatedOnToolsVersion = 16.0;
					};
				};
			};
			buildConfigurationList = 43456D81BB0D4D70B2C6031D /* Build configuration list for PBXProject "BedLock" */;
			compatibilityVersion = "Xcode 15.0";
			developmentRegion = en;
			hasScannedForEncodings = 0;
			knownRegions = (
				en,
				Base,
			);
			mainGroup = DB52231640204E3389AEF148;
			productRefGroup = A04635EEA154434683E0A218 /* Products */;
			projectDirPath = "";
			projectRoot = "";
			targets = (
				2A01F0C964D4433D96BCA145 /* BedLock */,
			);
		};
/* End PBXProject section */

/* Begin PBXResourcesBuildPhase section */
		19CC325B134E45B682ACA588 /* Resources */ = {
			isa = PBXResourcesBuildPhase;
			buildActionMask = 2147483647;
			files = (
				1D8BDE53734D42929F778F2C /* Assets.xcassets in Resources */,
			);
			runOnlyForDeploymentPostprocessing = 0;
		};
/* End PBXResourcesBuildPhase section */

/* Begin PBXSourcesBuildPhase section */
		D77B47E2133D4E76B81DE95A /* Sources */ = {
			isa = PBXSourcesBuildPhase;
			buildActionMask = 2147483647;
			files = (
				549CA800DAB14D74B8B37F58 /* BedLockApp.swift in Sources */,
				D044D9F96F184D75A9A7141F /* GamificationManager.swift in Sources */,
				C68F955936A64A93B7444CD7 /* HabitManager.swift in Sources */,
				5BE69A6341144913BEBA1AE2 /* ScheduleManager.swift in Sources */,
				9A692D7D2811457C80CC21AE /* ModelRetrainReminderManager.swift in Sources */,
				8ECECF0412F44863B27E5961 /* BedVerificationService.swift in Sources */,
				3FC3AEDA890A4A30AE4D2E81 /* BedVerifying.swift in Sources */,
				8DCB385C89984C158665E908 /* CameraService.swift in Sources */,
				BBC7DDAC2966494A95C5C8B2 /* CoreMLBedVerificationService.swift in Sources */,
				391A2F74E8E9447A9D509C2C /* VisionBedVerificationService.swift in Sources */,
				A5599D88894D4CA89BD03912 /* ModelImportService.swift in Sources */,
				D93F842AC73643ACA122ACD6 /* AppRouter.swift in Sources */,
				C4C4781E3C42447AB9F5B786 /* AppDependencies.swift in Sources */,
				FBD24F964C704F538CFC78BF /* VerifyBedMadeIntent.swift in Sources */,
				2F935C21275E40D9A8B26CB0 /* CameraVerificationViewModel.swift in Sources */,
				1C9D6A990DC649958E94404A /* DashboardViewModel.swift in Sources */,
				EBEE5C75CDA244969CC032C8 /* HabitsViewModel.swift in Sources */,
				DD43DCAB567A4081BE08B005 /* HistoryViewModel.swift in Sources */,
				1E0C2C64FEB740E79D7328B3 /* ProgressStatsViewModel.swift in Sources */,
				3B016248241E43D697A255E8 /* ScheduleViewModel.swift in Sources */,
				8320B91CFE2C42019654804B /* SettingsViewModel.swift in Sources */,
				1377CAA8CAB94641BAFD1CAC /* CameraCaptureRepresentable.swift in Sources */,
				835E18DEFD714B0CB184894D /* CameraVerificationView.swift in Sources */,
				A76A2499E0E344C0A0FFB88B /* ConfettiView.swift in Sources */,
				7A909082DC00405F8C354DE6 /* ContentView.swift in Sources */,
				57DBA90651F9417C8F39660C /* DashboardView.swift in Sources */,
				13F647DC4206461CA9FFA75C /* HabitsView.swift in Sources */,
				E1DD96D26B01453E96782128 /* HistoryView.swift in Sources */,
				CCC6D4EAA4014C6AB5E837E8 /* ProgressStatsView.swift in Sources */,
				E825BCFE234B46FDB81AE774 /* ScheduleView.swift in Sources */,
				FA63DD6734AC47A3B90D1A00 /* SettingsView.swift in Sources */,
				71712D268A7B45FAA1143E0C /* Achievement.swift in Sources */,
				D81756A027EB46FC93838A6C /* DailyProgress.swift in Sources */,
				A6DC55E2E4D74F69A9497AEC /* Habit.swift in Sources */,
				4B24AFA8539E443DAF4D98DE /* LevelInfo.swift in Sources */,
				8D4663C83839487D964607AD /* Quest.swift in Sources */,
				E1C17BCF0D0046899EBC05C5 /* ScheduleModel.swift in Sources */,
				737431A1BAB44E2182EDCD64 /* UnlockHistoryEntry.swift in Sources */,
				B6461A8B9AFC44A1BD09DB9C /* VerificationResult.swift in Sources */,
				56166596B3714237AF3DC97D /* NotificationService.swift in Sources */,
				58BCE714438048FF84684F31 /* PersistenceService.swift in Sources */,
			);
			runOnlyForDeploymentPostprocessing = 0;
		};
/* End PBXSourcesBuildPhase section */

/* Begin XCBuildConfiguration section */
		D3C5855CAF01486A97B9CF18 /* Debug */ = {
			isa = XCBuildConfiguration;
			buildSettings = {

				ALWAYS_SEARCH_USER_PATHS = NO;
				CLANG_ANALYZER_NONNULL = YES;
				CLANG_ANALYZER_NUMBER_OBJECT_CONVERSION = YES_AGGRESSIVE;
				CLANG_CXX_LANGUAGE_STANDARD = "gnu++20";
				CLANG_ENABLE_MODULES = YES;
				CLANG_ENABLE_OBJC_ARC = YES;
				CLANG_ENABLE_OBJC_WEAK = YES;
				CLANG_WARN_BLOCK_CAPTURE_AUTORELEASING = YES;
				CLANG_WARN_BOOL_CONVERSION = YES;
				CLANG_WARN_COMMA = YES;
				CLANG_WARN_CONSTANT_CONVERSION = YES;
				CLANG_WARN_DEPRECATED_OBJC_IMPLEMENTATIONS = YES;
				CLANG_WARN_DIRECT_OBJC_ISA_USAGE = YES_ERROR;
				CLANG_WARN_DOCUMENTATION_COMMENTS = YES;
				CLANG_WARN_EMPTY_BODY = YES;
				CLANG_WARN_ENUM_CONVERSION = YES;
				CLANG_WARN_INFINITE_RECURSION = YES;
				CLANG_WARN_INT_CONVERSION = YES;
				CLANG_WARN_NON_LITERAL_NULL_CONVERSION = YES;
				CLANG_WARN_OBJC_IMPLICIT_RETAIN_SELF = YES;
				CLANG_WARN_OBJC_LITERAL_CONVERSION = YES;
				CLANG_WARN_OBJC_ROOT_CLASS = YES_ERROR;
				CLANG_WARN_QUOTED_INCLUDE_IN_FRAMEWORK_HEADER = YES;
				CLANG_WARN_RANGE_LOOP_ANALYSIS = YES;
				CLANG_WARN_STRICT_PROTOTYPES = YES;
				CLANG_WARN_SUSPICIOUS_MOVE = YES;
				CLANG_WARN_UNGUARDED_AVAILABILITY = YES_AGGRESSIVE;
				CLANG_WARN_UNREACHABLE_CODE = YES;
				CLANG_WARN__DUPLICATE_METHOD_MATCH = YES;
				COPY_PHASE_STRIP = NO;
				DEBUG_INFORMATION_FORMAT = dwarf;
				ENABLE_STRICT_OBJC_MSGSEND = YES;
				ENABLE_TESTABILITY = YES;
				GCC_C_LANGUAGE_STANDARD = gnu17;
				GCC_DYNAMIC_NO_PIC = NO;
				GCC_NO_COMMON_BLOCKS = YES;
				GCC_OPTIMIZATION_LEVEL = 0;
				GCC_PREPROCESSOR_DEFINITIONS = (
					"DEBUG=1",
					"$(inherited)",
				);
				GCC_WARN_64_TO_32_BIT_CONVERSION = YES;
				GCC_WARN_ABOUT_RETURN_TYPE = YES_ERROR;
				GCC_WARN_UNDECLARED_SELECTOR = YES;
				GCC_WARN_UNINITIALIZED_AUTOS = YES_AGGRESSIVE;
				GCC_WARN_UNUSED_FUNCTION = YES;
				GCC_WARN_UNUSED_VARIABLE = YES;
				IPHONEOS_DEPLOYMENT_TARGET = 18.0;
				MTL_ENABLE_DEBUG_INFO = INCLUDE_SOURCE;
				MTL_FAST_MATH = YES;
				ONLY_ACTIVE_ARCH = YES;
				SDKROOT = iphoneos;
				SWIFT_ACTIVE_COMPILATION_CONDITIONS = DEBUG;
				SWIFT_OPTIMIZATION_LEVEL = "-Onone";
				SWIFT_VERSION = 5.0;
			};
			name = Debug;
		};
		AA76891B696D40728C2B5DE3 /* Release */ = {
			isa = XCBuildConfiguration;
			buildSettings = {

				ALWAYS_SEARCH_USER_PATHS = NO;
				CLANG_ANALYZER_NONNULL = YES;
				CLANG_ANALYZER_NUMBER_OBJECT_CONVERSION = YES_AGGRESSIVE;
				CLANG_CXX_LANGUAGE_STANDARD = "gnu++20";
				CLANG_ENABLE_MODULES = YES;
				CLANG_ENABLE_OBJC_ARC = YES;
				CLANG_ENABLE_OBJC_WEAK = YES;
				CLANG_WARN_BLOCK_CAPTURE_AUTORELEASING = YES;
				CLANG_WARN_BOOL_CONVERSION = YES;
				CLANG_WARN_COMMA = YES;
				CLANG_WARN_CONSTANT_CONVERSION = YES;
				CLANG_WARN_DEPRECATED_OBJC_IMPLEMENTATIONS = YES;
				CLANG_WARN_DIRECT_OBJC_ISA_USAGE = YES_ERROR;
				CLANG_WARN_DOCUMENTATION_COMMENTS = YES;
				CLANG_WARN_EMPTY_BODY = YES;
				CLANG_WARN_ENUM_CONVERSION = YES;
				CLANG_WARN_INFINITE_RECURSION = YES;
				CLANG_WARN_INT_CONVERSION = YES;
				CLANG_WARN_NON_LITERAL_NULL_CONVERSION = YES;
				CLANG_WARN_OBJC_IMPLICIT_RETAIN_SELF = YES;
				CLANG_WARN_OBJC_LITERAL_CONVERSION = YES;
				CLANG_WARN_OBJC_ROOT_CLASS = YES_ERROR;
				CLANG_WARN_QUOTED_INCLUDE_IN_FRAMEWORK_HEADER = YES;
				CLANG_WARN_RANGE_LOOP_ANALYSIS = YES;
				CLANG_WARN_STRICT_PROTOTYPES = YES;
				CLANG_WARN_SUSPICIOUS_MOVE = YES;
				CLANG_WARN_UNGUARDED_AVAILABILITY = YES_AGGRESSIVE;
				CLANG_WARN_UNREACHABLE_CODE = YES;
				CLANG_WARN__DUPLICATE_METHOD_MATCH = YES;
				COPY_PHASE_STRIP = NO;
				DEBUG_INFORMATION_FORMAT = "dwarf-with-dsym";
				ENABLE_NS_ASSERTIONS = NO;
				ENABLE_STRICT_OBJC_MSGSEND = YES;
				GCC_C_LANGUAGE_STANDARD = gnu17;
				GCC_NO_COMMON_BLOCKS = YES;
				GCC_WARN_64_TO_32_BIT_CONVERSION = YES;
				GCC_WARN_ABOUT_RETURN_TYPE = YES_ERROR;
				GCC_WARN_UNDECLARED_SELECTOR = YES;
				GCC_WARN_UNINITIALIZED_AUTOS = YES_AGGRESSIVE;
				GCC_WARN_UNUSED_FUNCTION = YES;
				GCC_WARN_UNUSED_VARIABLE = YES;
				IPHONEOS_DEPLOYMENT_TARGET = 18.0;
				MTL_ENABLE_DEBUG_INFO = NO;
				MTL_FAST_MATH = YES;
				SDKROOT = iphoneos;
				SWIFT_COMPILATION_MODE = wholemodule;
				SWIFT_VERSION = 5.0;
				VALIDATE_PRODUCT = YES;
			};
			name = Release;
		};
		E8CDF8A30DF541D9AD0EDDED /* Debug */ = {
			isa = XCBuildConfiguration;
			buildSettings = {

				ASSETCATALOG_COMPILER_APPICON_NAME = AppIcon;
				ASSETCATALOG_COMPILER_GLOBAL_ACCENT_COLOR_NAME = AccentColor;
				CODE_SIGN_STYLE = Automatic;
				CURRENT_PROJECT_VERSION = 1;
				DEVELOPMENT_TEAM = "";
				ENABLE_PREVIEWS = YES;
				GENERATE_INFOPLIST_FILE = NO;
				INFOPLIST_FILE = BedLock/Info.plist;
				INFOPLIST_KEY_UILaunchScreen_Generation = YES;
				INFOPLIST_KEY_UISupportedInterfaceOrientations = UIInterfaceOrientationPortrait;
				IPHONEOS_DEPLOYMENT_TARGET = 18.0;
				LD_RUNPATH_SEARCH_PATHS = (
					"$(inherited)",
					"@executable_path/Frameworks",
				);
				MARKETING_VERSION = 1.0;
				PRODUCT_BUNDLE_IDENTIFIER = com.bedlock.app;
				PRODUCT_NAME = "$(TARGET_NAME)";
				SWIFT_EMIT_LOC_STRINGS = YES;
				SWIFT_VERSION = 5.0;
				TARGETED_DEVICE_FAMILY = 1;
			};
			name = Debug;
		};
		2122A79A0C544EED8C0C6CD6 /* Release */ = {
			isa = XCBuildConfiguration;
			buildSettings = {

				ASSETCATALOG_COMPILER_APPICON_NAME = AppIcon;
				ASSETCATALOG_COMPILER_GLOBAL_ACCENT_COLOR_NAME = AccentColor;
				CODE_SIGN_STYLE = Automatic;
				CURRENT_PROJECT_VERSION = 1;
				DEVELOPMENT_TEAM = "";
				ENABLE_PREVIEWS = YES;
				GENERATE_INFOPLIST_FILE = NO;
				INFOPLIST_FILE = BedLock/Info.plist;
				INFOPLIST_KEY_UILaunchScreen_Generation = YES;
				INFOPLIST_KEY_UISupportedInterfaceOrientations = UIInterfaceOrientationPortrait;
				IPHONEOS_DEPLOYMENT_TARGET = 18.0;
				LD_RUNPATH_SEARCH_PATHS = (
					"$(inherited)",
					"@executable_path/Frameworks",
				);
				MARKETING_VERSION = 1.0;
				PRODUCT_BUNDLE_IDENTIFIER = com.bedlock.app;
				PRODUCT_NAME = "$(TARGET_NAME)";
				SWIFT_EMIT_LOC_STRINGS = YES;
				SWIFT_VERSION = 5.0;
				TARGETED_DEVICE_FAMILY = 1;
			};
			name = Release;
		};
/* End XCBuildConfiguration section */

/* Begin XCConfigurationList section */
		43456D81BB0D4D70B2C6031D /* Build configuration list for PBXProject "BedLock" */ = {
			isa = XCConfigurationList;
			buildConfigurations = (
				D3C5855CAF01486A97B9CF18 /* Debug */,
				AA76891B696D40728C2B5DE3 /* Release */,
			);
			defaultConfigurationIsVisible = 0;
			defaultConfigurationName = Release;
		};
		95C07702D8CF450C864A585B /* Build configuration list for PBXNativeTarget "BedLock" */ = {
			isa = XCConfigurationList;
			buildConfigurations = (
				E8CDF8A30DF541D9AD0EDDED /* Debug */,
				2122A79A0C544EED8C0C6CD6 /* Release */,
			);
			defaultConfigurationIsVisible = 0;
			defaultConfigurationName = Release;
		};
/* End XCConfigurationList section */

	};
	rootObject = CD1DDDA3A71546A2AA378AB2 /* Project object */;
}