// !$*UTF8*$!
{
	archiveVersion = 1;
	classes = {
	};
	objectVersion = 56;
	objects = {

/* Begin PBXBuildFile section */
		8AA297554F734E0FBB14F3E0 /* BedLockApp.swift in Sources */ = {isa = PBXBuildFile; fileRef = 88E9BF3E7C844E8F8B01794E /* BedLockApp.swift */; };
		271A49C001A54E84B1BD9E13 /* AppLockManager.swift in Sources */ = {isa = PBXBuildFile; fileRef = D1A4EFA9468D4F9B97683DCB /* AppLockManager.swift */; };
		BF7257A94B8A48F68BD5F524 /* ScheduleManager.swift in Sources */ = {isa = PBXBuildFile; fileRef = 0112817E3A36400CACD38EB1 /* ScheduleManager.swift */; };
		CA4DB75C2538492BA037C099 /* ModelRetrainReminderManager.swift in Sources */ = {isa = PBXBuildFile; fileRef = 53AF0C786D5B4C19A24C3640 /* ModelRetrainReminderManager.swift */; };
		CFFA71ED2BB242A48356B553 /* BedVerificationService.swift in Sources */ = {isa = PBXBuildFile; fileRef = 6CF8E84683BE4D8CA9006892 /* BedVerificationService.swift */; };
		C90D2B4B1C5646548ECE0FD6 /* BedVerifying.swift in Sources */ = {isa = PBXBuildFile; fileRef = FC054DA9680446228EC61A24 /* BedVerifying.swift */; };
		D8E3CD713CE44C4C9943F1CE /* CameraService.swift in Sources */ = {isa = PBXBuildFile; fileRef = 2D13C62C2C11495AB7DBF19F /* CameraService.swift */; };
		CDF987B48B3A4D13A25378F4 /* CoreMLBedVerificationService.swift in Sources */ = {isa = PBXBuildFile; fileRef = 4B7A4AFC0233485C9077505E /* CoreMLBedVerificationService.swift */; };
		C3E0B109D0FA4BC4845B8FE0 /* VisionBedVerificationService.swift in Sources */ = {isa = PBXBuildFile; fileRef = 6BCC1CED437E42E3A2F4A32B /* VisionBedVerificationService.swift */; };
		DD9D93860D0C41F5A39BCA2E /* ModelImportService.swift in Sources */ = {isa = PBXBuildFile; fileRef = CFF1D8C57C4E469598133858 /* ModelImportService.swift */; };
		8267E306FD7B48F8A87ACAE4 /* AppRouter.swift in Sources */ = {isa = PBXBuildFile; fileRef = A125F7F4C64E4257A3A877AE /* AppRouter.swift */; };
		708EDF0669EA4745BEA77220 /* AppDependencies.swift in Sources */ = {isa = PBXBuildFile; fileRef = AE69F338EAE347C78E554DD4 /* AppDependencies.swift */; };
		4FFE49C5D40B484295AE5C5F /* VerifyBedMadeIntent.swift in Sources */ = {isa = PBXBuildFile; fileRef = C4357538EA6B4D7BA40BD704 /* VerifyBedMadeIntent.swift */; };
		58E4412262274410A62D0624 /* CameraVerificationViewModel.swift in Sources */ = {isa = PBXBuildFile; fileRef = FCA8A101CD574875ABDCFB60 /* CameraVerificationViewModel.swift */; };
		C6C5DD8B1EE54DFA95853CFE /* DashboardViewModel.swift in Sources */ = {isa = PBXBuildFile; fileRef = 290D64A5F51E4DB091D5839C /* DashboardViewModel.swift */; };
		1B8CBC703A5E471AA1C9DFB1 /* HistoryViewModel.swift in Sources */ = {isa = PBXBuildFile; fileRef = 224DAD1D8292410D801FEDDD /* HistoryViewModel.swift */; };
		F5A1968F702742AFADA96F6D /* ScheduleViewModel.swift in Sources */ = {isa = PBXBuildFile; fileRef = 629716DF699547F3852F786D /* ScheduleViewModel.swift */; };
		771C6E91FAC741DE88036EEA /* SettingsViewModel.swift in Sources */ = {isa = PBXBuildFile; fileRef = C752B19ACFEC41F2AF07A348 /* SettingsViewModel.swift */; };
		E4407A2F474D446CA6FB6BFF /* CameraCaptureRepresentable.swift in Sources */ = {isa = PBXBuildFile; fileRef = D9F63A45D0D1496688DCC8DC /* CameraCaptureRepresentable.swift */; };
		A2A587CC1B9048E883640122 /* CameraVerificationView.swift in Sources */ = {isa = PBXBuildFile; fileRef = 1D7E93231A0F4447B85F77DC /* CameraVerificationView.swift */; };
		E918A49683144445823262C2 /* ContentView.swift in Sources */ = {isa = PBXBuildFile; fileRef = 42C84F0963254892A0AC33C4 /* ContentView.swift */; };
		99C240B870CD4ABE8A60E7A0 /* DashboardView.swift in Sources */ = {isa = PBXBuildFile; fileRef = 81598D145E384DEB8DD45580 /* DashboardView.swift */; };
		C49D251CB3AA4184A5D32223 /* HistoryView.swift in Sources */ = {isa = PBXBuildFile; fileRef = 5E0255232D6C4EB7A9272CBC /* HistoryView.swift */; };
		A840CBBB9E2548A797EE7E87 /* ScheduleView.swift in Sources */ = {isa = PBXBuildFile; fileRef = C7C16D0368D5499986E13547 /* ScheduleView.swift */; };
		70A095ED11F44AC28BECE067 /* SettingsView.swift in Sources */ = {isa = PBXBuildFile; fileRef = 4E756E9037CF4E189274C42B /* SettingsView.swift */; };
		A45417A2FDB34D6191B34D95 /* ScheduleModel.swift in Sources */ = {isa = PBXBuildFile; fileRef = 4877D8F6C1A54703B236AE6B /* ScheduleModel.swift */; };
		22CBF180287E4ACBA33117E1 /* UnlockHistoryEntry.swift in Sources */ = {isa = PBXBuildFile; fileRef = 43710B6737B441E29B840140 /* UnlockHistoryEntry.swift */; };
		B1390B8996D047A1BB598A7A /* VerificationResult.swift in Sources */ = {isa = PBXBuildFile; fileRef = 8D4EAF23C72D4AA7AF8420B4 /* VerificationResult.swift */; };
		A3FDA45FB94E422A91075B28 /* NotificationService.swift in Sources */ = {isa = PBXBuildFile; fileRef = 7E5B952AD5C14FE98369F323 /* NotificationService.swift */; };
		CB55897481D540AABFE4EF98 /* PersistenceService.swift in Sources */ = {isa = PBXBuildFile; fileRef = 154BB4A4500942BA8050356D /* PersistenceService.swift */; };
		A0154755667446ABA0161588 /* Assets.xcassets in Resources */ = {isa = PBXBuildFile; fileRef = 172300F447C642158670A9E3 /* Assets.xcassets */; };
		85D878E357CB4A4CB56BBA2F /* AppIntents.framework in Frameworks */ = {isa = PBXBuildFile; fileRef = 94912756044240C88ABCF3A2 /* AppIntents.framework */; };
/* End PBXBuildFile section */

/* Begin PBXFileReference section */
		88E9BF3E7C844E8F8B01794E /* BedLockApp.swift */ = {isa = PBXFileReference; lastKnownFileType = sourcecode.swift; path = BedLockApp.swift; sourceTree = "<group>"; };
		D1A4EFA9468D4F9B97683DCB /* AppLockManager.swift */ = {isa = PBXFileReference; lastKnownFileType = sourcecode.swift; path = AppLockManager.swift; sourceTree = "<group>"; };
		0112817E3A36400CACD38EB1 /* ScheduleManager.swift */ = {isa = PBXFileReference; lastKnownFileType = sourcecode.swift; path = ScheduleManager.swift; sourceTree = "<group>"; };
		53AF0C786D5B4C19A24C3640 /* ModelRetrainReminderManager.swift */ = {isa = PBXFileReference; lastKnownFileType = sourcecode.swift; path = ModelRetrainReminderManager.swift; sourceTree = "<group>"; };
		6CF8E84683BE4D8CA9006892 /* BedVerificationService.swift */ = {isa = PBXFileReference; lastKnownFileType = sourcecode.swift; path = BedVerificationService.swift; sourceTree = "<group>"; };
		FC054DA9680446228EC61A24 /* BedVerifying.swift */ = {isa = PBXFileReference; lastKnownFileType = sourcecode.swift; path = BedVerifying.swift; sourceTree = "<group>"; };
		2D13C62C2C11495AB7DBF19F /* CameraService.swift */ = {isa = PBXFileReference; lastKnownFileType = sourcecode.swift; path = CameraService.swift; sourceTree = "<group>"; };
		4B7A4AFC0233485C9077505E /* CoreMLBedVerificationService.swift */ = {isa = PBXFileReference; lastKnownFileType = sourcecode.swift; path = CoreMLBedVerificationService.swift; sourceTree = "<group>"; };
		6BCC1CED437E42E3A2F4A32B /* VisionBedVerificationService.swift */ = {isa = PBXFileReference; lastKnownFileType = sourcecode.swift; path = VisionBedVerificationService.swift; sourceTree = "<group>"; };
		CFF1D8C57C4E469598133858 /* ModelImportService.swift */ = {isa = PBXFileReference; lastKnownFileType = sourcecode.swift; path = ModelImportService.swift; sourceTree = "<group>"; };
		A125F7F4C64E4257A3A877AE /* AppRouter.swift */ = {isa = PBXFileReference; lastKnownFileType = sourcecode.swift; path = AppRouter.swift; sourceTree = "<group>"; };
		AE69F338EAE347C78E554DD4 /* AppDependencies.swift */ = {isa = PBXFileReference; lastKnownFileType = sourcecode.swift; path = AppDependencies.swift; sourceTree = "<group>"; };
		C4357538EA6B4D7BA40BD704 /* VerifyBedMadeIntent.swift */ = {isa = PBXFileReference; lastKnownFileType = sourcecode.swift; path = VerifyBedMadeIntent.swift; sourceTree = "<group>"; };
		FCA8A101CD574875ABDCFB60 /* CameraVerificationViewModel.swift */ = {isa = PBXFileReference; lastKnownFileType = sourcecode.swift; path = CameraVerificationViewModel.swift; sourceTree = "<group>"; };
		290D64A5F51E4DB091D5839C /* DashboardViewModel.swift */ = {isa = PBXFileReference; lastKnownFileType = sourcecode.swift; path = DashboardViewModel.swift; sourceTree = "<group>"; };
		224DAD1D8292410D801FEDDD /* HistoryViewModel.swift */ = {isa = PBXFileReference; lastKnownFileType = sourcecode.swift; path = HistoryViewModel.swift; sourceTree = "<group>"; };
		629716DF699547F3852F786D /* ScheduleViewModel.swift */ = {isa = PBXFileReference; lastKnownFileType = sourcecode.swift; path = ScheduleViewModel.swift; sourceTree = "<group>"; };
		C752B19ACFEC41F2AF07A348 /* SettingsViewModel.swift */ = {isa = PBXFileReference; lastKnownFileType = sourcecode.swift; path = SettingsViewModel.swift; sourceTree = "<group>"; };
		D9F63A45D0D1496688DCC8DC /* CameraCaptureRepresentable.swift */ = {isa = PBXFileReference; lastKnownFileType = sourcecode.swift; path = CameraCaptureRepresentable.swift; sourceTree = "<group>"; };
		1D7E93231A0F4447B85F77DC /* CameraVerificationView.swift */ = {isa = PBXFileReference; lastKnownFileType = sourcecode.swift; path = CameraVerificationView.swift; sourceTree = "<group>"; };
		42C84F0963254892A0AC33C4 /* ContentView.swift */ = {isa = PBXFileReference; lastKnownFileType = sourcecode.swift; path = ContentView.swift; sourceTree = "<group>"; };
		81598D145E384DEB8DD45580 /* DashboardView.swift */ = {isa = PBXFileReference; lastKnownFileType = sourcecode.swift; path = DashboardView.swift; sourceTree = "<group>"; };
		5E0255232D6C4EB7A9272CBC /* HistoryView.swift */ = {isa = PBXFileReference; lastKnownFileType = sourcecode.swift; path = HistoryView.swift; sourceTree = "<group>"; };
		C7C16D0368D5499986E13547 /* ScheduleView.swift */ = {isa = PBXFileReference; lastKnownFileType = sourcecode.swift; path = ScheduleView.swift; sourceTree = "<group>"; };
		4E756E9037CF4E189274C42B /* SettingsView.swift */ = {isa = PBXFileReference; lastKnownFileType = sourcecode.swift; path = SettingsView.swift; sourceTree = "<group>"; };
		4877D8F6C1A54703B236AE6B /* ScheduleModel.swift */ = {isa = PBXFileReference; lastKnownFileType = sourcecode.swift; path = ScheduleModel.swift; sourceTree = "<group>"; };
		43710B6737B441E29B840140 /* UnlockHistoryEntry.swift */ = {isa = PBXFileReference; lastKnownFileType = sourcecode.swift; path = UnlockHistoryEntry.swift; sourceTree = "<group>"; };
		8D4EAF23C72D4AA7AF8420B4 /* VerificationResult.swift */ = {isa = PBXFileReference; lastKnownFileType = sourcecode.swift; path = VerificationResult.swift; sourceTree = "<group>"; };
		7E5B952AD5C14FE98369F323 /* NotificationService.swift */ = {isa = PBXFileReference; lastKnownFileType = sourcecode.swift; path = NotificationService.swift; sourceTree = "<group>"; };
		154BB4A4500942BA8050356D /* PersistenceService.swift */ = {isa = PBXFileReference; lastKnownFileType = sourcecode.swift; path = PersistenceService.swift; sourceTree = "<group>"; };
		172300F447C642158670A9E3 /* Assets.xcassets */ = {isa = PBXFileReference; lastKnownFileType = folder.assetcatalog; path = Assets.xcassets; sourceTree = "<group>"; };
		DB35511B42EE4AE3881D99BD /* Info.plist */ = {isa = PBXFileReference; lastKnownFileType = text.plist.xml; path = Info.plist; sourceTree = "<group>"; };
		94912756044240C88ABCF3A2 /* AppIntents.framework */ = {isa = PBXFileReference; lastKnownFileType = wrapper.framework; name = AppIntents.framework; path = System/Library/Frameworks/AppIntents.framework; sourceTree = SDKROOT; };
		2EF901110E3D4DB78079262B /* BedLock.app */ = {isa = PBXFileReference; explicitFileType = wrapper.application; includeInIndex = 0; path = BedLock.app; sourceTree = BUILT_PRODUCTS_DIR; };
/* End PBXFileReference section */

/* Begin PBXFrameworksBuildPhase section */
		2460C8592E5448B289D9FF8F /* Frameworks */ = {
			isa = PBXFrameworksBuildPhase;
			buildActionMask = 2147483647;
			files = (
				85D878E357CB4A4CB56BBA2F /* AppIntents.framework in Frameworks */,
			);
			runOnlyForDeploymentPostprocessing = 0;
		};
/* End PBXFrameworksBuildPhase section */

/* Begin PBXGroup section */
		79FB0063F2844FCAB1A3A8B8 = {
			isa = PBXGroup;
			children = (
				39C9B9D8861E413582EA8DDE /* BedLock */,
				7EFC3C98C77C429EB85DF436 /* Products */,
			);
			sourceTree = "<group>";
		};
		7EFC3C98C77C429EB85DF436 /* Products */ = {
			isa = PBXGroup;
			children = (
				2EF901110E3D4DB78079262B /* BedLock.app */,
			);
			name = Products;
			sourceTree = "<group>";
		};
		513B4ECCB79B4D4C91F99952 /* Resources */ = {
			isa = PBXGroup;
			children = (
				172300F447C642158670A9E3 /* Assets.xcassets */,
			);
			path = Resources;
			sourceTree = "<group>";
		};
		382EEABD993F4DE2B3B2C9A6 /* Models */ = {
			isa = PBXGroup;
			children = (
				4877D8F6C1A54703B236AE6B /* ScheduleModel.swift */,
				43710B6737B441E29B840140 /* UnlockHistoryEntry.swift */,
				8D4EAF23C72D4AA7AF8420B4 /* VerificationResult.swift */,
			);
			path = Models;
			sourceTree = "<group>";
		};
		F22B8F0AE56C40A6A3FFAAFA /* Shared */ = {
			isa = PBXGroup;
			children = (
				382EEABD993F4DE2B3B2C9A6 /* Models */,
				7E5B952AD5C14FE98369F323 /* NotificationService.swift */,
				154BB4A4500942BA8050356D /* PersistenceService.swift */,
			);
			path = Shared;
			sourceTree = "<group>";
		};
		38905A08040B4CDA8F5F4FE8 /* Managers */ = {
			isa = PBXGroup;
			children = (
				D1A4EFA9468D4F9B97683DCB /* AppLockManager.swift */,
				0112817E3A36400CACD38EB1 /* ScheduleManager.swift */,
				53AF0C786D5B4C19A24C3640 /* ModelRetrainReminderManager.swift */,
			);
			path = Managers;
			sourceTree = "<group>";
		};
		1A112719A3C04CDF810A27D1 /* Services */ = {
			isa = PBXGroup;
			children = (
				6CF8E84683BE4D8CA9006892 /* BedVerificationService.swift */,
				FC054DA9680446228EC61A24 /* BedVerifying.swift */,
				2D13C62C2C11495AB7DBF19F /* CameraService.swift */,
				4B7A4AFC0233485C9077505E /* CoreMLBedVerificationService.swift */,
				6BCC1CED437E42E3A2F4A32B /* VisionBedVerificationService.swift */,
				CFF1D8C57C4E469598133858 /* ModelImportService.swift */,
			);
			path = Services;
			sourceTree = "<group>";
		};
		3F48D827951E4ED5B7685FF0 /* Intents */ = {
			isa = PBXGroup;
			children = (
				A125F7F4C64E4257A3A877AE /* AppRouter.swift */,
				AE69F338EAE347C78E554DD4 /* AppDependencies.swift */,
				C4357538EA6B4D7BA40BD704 /* VerifyBedMadeIntent.swift */,
			);
			path = Intents;
			sourceTree = "<group>";
		};
		1FD415FBD2844E58B5E05FBE /* ViewModels */ = {
			isa = PBXGroup;
			children = (
				FCA8A101CD574875ABDCFB60 /* CameraVerificationViewModel.swift */,
				290D64A5F51E4DB091D5839C /* DashboardViewModel.swift */,
				224DAD1D8292410D801FEDDD /* HistoryViewModel.swift */,
				629716DF699547F3852F786D /* ScheduleViewModel.swift */,
				C752B19ACFEC41F2AF07A348 /* SettingsViewModel.swift */,
			);
			path = ViewModels;
			sourceTree = "<group>";
		};
		256D23B318004595A712F974 /* Views */ = {
			isa = PBXGroup;
			children = (
				D9F63A45D0D1496688DCC8DC /* CameraCaptureRepresentable.swift */,
				1D7E93231A0F4447B85F77DC /* CameraVerificationView.swift */,
				42C84F0963254892A0AC33C4 /* ContentView.swift */,
				81598D145E384DEB8DD45580 /* DashboardView.swift */,
				5E0255232D6C4EB7A9272CBC /* HistoryView.swift */,
				C7C16D0368D5499986E13547 /* ScheduleView.swift */,
				4E756E9037CF4E189274C42B /* SettingsView.swift */,
			);
			path = Views;
			sourceTree = "<group>";
		};
		39C9B9D8861E413582EA8DDE /* BedLock */ = {
			isa = PBXGroup;
			children = (
				88E9BF3E7C844E8F8B01794E /* BedLockApp.swift */,
				38905A08040B4CDA8F5F4FE8 /* Managers */,
				1A112719A3C04CDF810A27D1 /* Services */,
				3F48D827951E4ED5B7685FF0 /* Intents */,
				1FD415FBD2844E58B5E05FBE /* ViewModels */,
				256D23B318004595A712F974 /* Views */,
				F22B8F0AE56C40A6A3FFAAFA /* Shared */,
				513B4ECCB79B4D4C91F99952 /* Resources */,
				DB35511B42EE4AE3881D99BD /* Info.plist */,
			);
			path = BedLock;
			sourceTree = "<group>";
		};
/* End PBXGroup section */

/* Begin PBXNativeTarget section */
		3AA446B38B4440879F1D9705 /* BedLock */ = {
			isa = PBXNativeTarget;
			buildConfigurationList = 13BC19ECD4464F14B1B3D812 /* Build configuration list for PBXNativeTarget "BedLock" */;
			buildPhases = (
				D40E2776714D4B4A8ED2B817 /* Sources */,
				2460C8592E5448B289D9FF8F /* Frameworks */,
				DB8790D6E8B24B9C8D5EF806 /* Resources */,
			);
			buildRules = (
			);
			dependencies = (
			);
			name = BedLock;
			productName = BedLock;
			productReference = 2EF901110E3D4DB78079262B /* BedLock.app */;
			productType = "com.apple.product-type.application";
		};
/* End PBXNativeTarget section */

/* Begin PBXProject section */
		61C909EA8FF3418C8622F238 /* Project object */ = {
			isa = PBXProject;
			attributes = {
				BuildIndependentTargetsInParallel = 1;
				LastSwiftUpdateCheck = 1600;
				LastUpgradeCheck = 1600;
				TargetAttributes = {
					3AA446B38B4440879F1D9705 = {
						CreatedOnToolsVersion = 16.0;
					};
				};
			};
			buildConfigurationList = BF2A46F4F48A464088E19F11 /* Build configuration list for PBXProject "BedLock" */;
			compatibilityVersion = "Xcode 15.0";
			developmentRegion = en;
			hasScannedForEncodings = 0;
			knownRegions = (
				en,
				Base,
			);
			mainGroup = 79FB0063F2844FCAB1A3A8B8;
			productRefGroup = 7EFC3C98C77C429EB85DF436 /* Products */;
			projectDirPath = "";
			projectRoot = "";
			targets = (
				3AA446B38B4440879F1D9705 /* BedLock */,
			);
		};
/* End PBXProject section */

/* Begin PBXResourcesBuildPhase section */
		DB8790D6E8B24B9C8D5EF806 /* Resources */ = {
			isa = PBXResourcesBuildPhase;
			buildActionMask = 2147483647;
			files = (
				A0154755667446ABA0161588 /* Assets.xcassets in Resources */,
			);
			runOnlyForDeploymentPostprocessing = 0;
		};
/* End PBXResourcesBuildPhase section */

/* Begin PBXSourcesBuildPhase section */
		D40E2776714D4B4A8ED2B817 /* Sources */ = {
			isa = PBXSourcesBuildPhase;
			buildActionMask = 2147483647;
			files = (
				8AA297554F734E0FBB14F3E0 /* BedLockApp.swift in Sources */,
				271A49C001A54E84B1BD9E13 /* AppLockManager.swift in Sources */,
				BF7257A94B8A48F68BD5F524 /* ScheduleManager.swift in Sources */,
				CA4DB75C2538492BA037C099 /* ModelRetrainReminderManager.swift in Sources */,
				CFFA71ED2BB242A48356B553 /* BedVerificationService.swift in Sources */,
				C90D2B4B1C5646548ECE0FD6 /* BedVerifying.swift in Sources */,
				D8E3CD713CE44C4C9943F1CE /* CameraService.swift in Sources */,
				CDF987B48B3A4D13A25378F4 /* CoreMLBedVerificationService.swift in Sources */,
				C3E0B109D0FA4BC4845B8FE0 /* VisionBedVerificationService.swift in Sources */,
				DD9D93860D0C41F5A39BCA2E /* ModelImportService.swift in Sources */,
				8267E306FD7B48F8A87ACAE4 /* AppRouter.swift in Sources */,
				708EDF0669EA4745BEA77220 /* AppDependencies.swift in Sources */,
				4FFE49C5D40B484295AE5C5F /* VerifyBedMadeIntent.swift in Sources */,
				58E4412262274410A62D0624 /* CameraVerificationViewModel.swift in Sources */,
				C6C5DD8B1EE54DFA95853CFE /* DashboardViewModel.swift in Sources */,
				1B8CBC703A5E471AA1C9DFB1 /* HistoryViewModel.swift in Sources */,
				F5A1968F702742AFADA96F6D /* ScheduleViewModel.swift in Sources */,
				771C6E91FAC741DE88036EEA /* SettingsViewModel.swift in Sources */,
				E4407A2F474D446CA6FB6BFF /* CameraCaptureRepresentable.swift in Sources */,
				A2A587CC1B9048E883640122 /* CameraVerificationView.swift in Sources */,
				E918A49683144445823262C2 /* ContentView.swift in Sources */,
				99C240B870CD4ABE8A60E7A0 /* DashboardView.swift in Sources */,
				C49D251CB3AA4184A5D32223 /* HistoryView.swift in Sources */,
				A840CBBB9E2548A797EE7E87 /* ScheduleView.swift in Sources */,
				70A095ED11F44AC28BECE067 /* SettingsView.swift in Sources */,
				A45417A2FDB34D6191B34D95 /* ScheduleModel.swift in Sources */,
				22CBF180287E4ACBA33117E1 /* UnlockHistoryEntry.swift in Sources */,
				B1390B8996D047A1BB598A7A /* VerificationResult.swift in Sources */,
				A3FDA45FB94E422A91075B28 /* NotificationService.swift in Sources */,
				CB55897481D540AABFE4EF98 /* PersistenceService.swift in Sources */,
			);
			runOnlyForDeploymentPostprocessing = 0;
		};
/* End PBXSourcesBuildPhase section */

/* Begin XCBuildConfiguration section */
		3939D81EED19499BB4FEB6E9 /* Debug */ = {
			isa = XCBuildConfiguration;
			buildSettings = {

				ALWAYS_SEARCH_USER_PATHS = NO;
				CLANG_ANALYZER_NONNULL = YES;
				CLANG_ANALYZER_NUMBER_OBJECT_CONVERSION = YES_AGGRESSIVE;
				CLANG_CXX_LANGUAGE_STANDARD = "gnu++20";
				CLANG_ENABLE_MODULES = YES;
				CLANG_ENABLE_OBJC_ARC = YES;
				CLANG_ENABLE_OBJC_WEAK = YES;
				CLANG_WARN_BLOCK_CAPTURE_AUTORELEASING = YES;
				CLANG_WARN_BOOL_CONVERSION = YES;
				CLANG_WARN_COMMA = YES;
				CLANG_WARN_CONSTANT_CONVERSION = YES;
				CLANG_WARN_DEPRECATED_OBJC_IMPLEMENTATIONS = YES;
				CLANG_WARN_DIRECT_OBJC_ISA_USAGE = YES_ERROR;
				CLANG_WARN_DOCUMENTATION_COMMENTS = YES;
				CLANG_WARN_EMPTY_BODY = YES;
				CLANG_WARN_ENUM_CONVERSION = YES;
				CLANG_WARN_INFINITE_RECURSION = YES;
				CLANG_WARN_INT_CONVERSION = YES;
				CLANG_WARN_NON_LITERAL_NULL_CONVERSION = YES;
				CLANG_WARN_OBJC_IMPLICIT_RETAIN_SELF = YES;
				CLANG_WARN_OBJC_LITERAL_CONVERSION = YES;
				CLANG_WARN_OBJC_ROOT_CLASS = YES_ERROR;
				CLANG_WARN_QUOTED_INCLUDE_IN_FRAMEWORK_HEADER = YES;
				CLANG_WARN_RANGE_LOOP_ANALYSIS = YES;
				CLANG_WARN_STRICT_PROTOTYPES = YES;
				CLANG_WARN_SUSPICIOUS_MOVE = YES;
				CLANG_WARN_UNGUARDED_AVAILABILITY = YES_AGGRESSIVE;
				CLANG_WARN_UNREACHABLE_CODE = YES;
				CLANG_WARN__DUPLICATE_METHOD_MATCH = YES;
				COPY_PHASE_STRIP = NO;
				DEBUG_INFORMATION_FORMAT = dwarf;
				ENABLE_STRICT_OBJC_MSGSEND = YES;
				ENABLE_TESTABILITY = YES;
				GCC_C_LANGUAGE_STANDARD = gnu17;
				GCC_DYNAMIC_NO_PIC = NO;
				GCC_NO_COMMON_BLOCKS = YES;
				GCC_OPTIMIZATION_LEVEL = 0;
				GCC_PREPROCESSOR_DEFINITIONS = (
					"DEBUG=1",
					"$(inherited)",
				);
				GCC_WARN_64_TO_32_BIT_CONVERSION = YES;
				GCC_WARN_ABOUT_RETURN_TYPE = YES_ERROR;
				GCC_WARN_UNDECLARED_SELECTOR = YES;
				GCC_WARN_UNINITIALIZED_AUTOS = YES_AGGRESSIVE;
				GCC_WARN_UNUSED_FUNCTION = YES;
				GCC_WARN_UNUSED_VARIABLE = YES;
				IPHONEOS_DEPLOYMENT_TARGET = 18.0;
				MTL_ENABLE_DEBUG_INFO = INCLUDE_SOURCE;
				MTL_FAST_MATH = YES;
				ONLY_ACTIVE_ARCH = YES;
				SDKROOT = iphoneos;
				SWIFT_ACTIVE_COMPILATION_CONDITIONS = DEBUG;
				SWIFT_OPTIMIZATION_LEVEL = "-Onone";
				SWIFT_VERSION = 5.0;
			};
			name = Debug;
		};
		0E99B257650F4A76BA793629 /* Release */ = {
			isa = XCBuildConfiguration;
			buildSettings = {

				ALWAYS_SEARCH_USER_PATHS = NO;
				CLANG_ANALYZER_NONNULL = YES;
				CLANG_ANALYZER_NUMBER_OBJECT_CONVERSION = YES_AGGRESSIVE;
				CLANG_CXX_LANGUAGE_STANDARD = "gnu++20";
				CLANG_ENABLE_MODULES = YES;
				CLANG_ENABLE_OBJC_ARC = YES;
				CLANG_ENABLE_OBJC_WEAK = YES;
				CLANG_WARN_BLOCK_CAPTURE_AUTORELEASING = YES;
				CLANG_WARN_BOOL_CONVERSION = YES;
				CLANG_WARN_COMMA = YES;
				CLANG_WARN_CONSTANT_CONVERSION = YES;
				CLANG_WARN_DEPRECATED_OBJC_IMPLEMENTATIONS = YES;
				CLANG_WARN_DIRECT_OBJC_ISA_USAGE = YES_ERROR;
				CLANG_WARN_DOCUMENTATION_COMMENTS = YES;
				CLANG_WARN_EMPTY_BODY = YES;
				CLANG_WARN_ENUM_CONVERSION = YES;
				CLANG_WARN_INFINITE_RECURSION = YES;
				CLANG_WARN_INT_CONVERSION = YES;
				CLANG_WARN_NON_LITERAL_NULL_CONVERSION = YES;
				CLANG_WARN_OBJC_IMPLICIT_RETAIN_SELF = YES;
				CLANG_WARN_OBJC_LITERAL_CONVERSION = YES;
				CLANG_WARN_OBJC_ROOT_CLASS = YES_ERROR;
				CLANG_WARN_QUOTED_INCLUDE_IN_FRAMEWORK_HEADER = YES;
				CLANG_WARN_RANGE_LOOP_ANALYSIS = YES;
				CLANG_WARN_STRICT_PROTOTYPES = YES;
				CLANG_WARN_SUSPICIOUS_MOVE = YES;
				CLANG_WARN_UNGUARDED_AVAILABILITY = YES_AGGRESSIVE;
				CLANG_WARN_UNREACHABLE_CODE = YES;
				CLANG_WARN__DUPLICATE_METHOD_MATCH = YES;
				COPY_PHASE_STRIP = NO;
				DEBUG_INFORMATION_FORMAT = "dwarf-with-dsym";
				ENABLE_NS_ASSERTIONS = NO;
				ENABLE_STRICT_OBJC_MSGSEND = YES;
				GCC_C_LANGUAGE_STANDARD = gnu17;
				GCC_NO_COMMON_BLOCKS = YES;
				GCC_WARN_64_TO_32_BIT_CONVERSION = YES;
				GCC_WARN_ABOUT_RETURN_TYPE = YES_ERROR;
				GCC_WARN_UNDECLARED_SELECTOR = YES;
				GCC_WARN_UNINITIALIZED_AUTOS = YES_AGGRESSIVE;
				GCC_WARN_UNUSED_FUNCTION = YES;
				GCC_WARN_UNUSED_VARIABLE = YES;
				IPHONEOS_DEPLOYMENT_TARGET = 18.0;
				MTL_ENABLE_DEBUG_INFO = NO;
				MTL_FAST_MATH = YES;
				SDKROOT = iphoneos;
				SWIFT_COMPILATION_MODE = wholemodule;
				SWIFT_VERSION = 5.0;
				VALIDATE_PRODUCT = YES;
			};
			name = Release;
		};
		50D5CB9B97E042ADB7F0B249 /* Debug */ = {
			isa = XCBuildConfiguration;
			buildSettings = {

				ASSETCATALOG_COMPILER_APPICON_NAME = AppIcon;
				ASSETCATALOG_COMPILER_GLOBAL_ACCENT_COLOR_NAME = AccentColor;
				CODE_SIGN_STYLE = Automatic;
				CURRENT_PROJECT_VERSION = 1;
				DEVELOPMENT_TEAM = "";
				ENABLE_PREVIEWS = YES;
				GENERATE_INFOPLIST_FILE = NO;
				INFOPLIST_FILE = BedLock/Info.plist;
				INFOPLIST_KEY_UILaunchScreen_Generation = YES;
				INFOPLIST_KEY_UISupportedInterfaceOrientations = UIInterfaceOrientationPortrait;
				IPHONEOS_DEPLOYMENT_TARGET = 18.0;
				LD_RUNPATH_SEARCH_PATHS = (
					"$(inherited)",
					"@executable_path/Frameworks",
				);
				MARKETING_VERSION = 1.0;
				PRODUCT_BUNDLE_IDENTIFIER = com.bedlock.app;
				PRODUCT_NAME = "$(TARGET_NAME)";
				SWIFT_EMIT_LOC_STRINGS = YES;
				SWIFT_VERSION = 5.0;
				TARGETED_DEVICE_FAMILY = 1;
			};
			name = Debug;
		};
		5FC0743542BC408291E81CDF /* Release */ = {
			isa = XCBuildConfiguration;
			buildSettings = {

				ASSETCATALOG_COMPILER_APPICON_NAME = AppIcon;
				ASSETCATALOG_COMPILER_GLOBAL_ACCENT_COLOR_NAME = AccentColor;
				CODE_SIGN_STYLE = Automatic;
				CURRENT_PROJECT_VERSION = 1;
				DEVELOPMENT_TEAM = "";
				ENABLE_PREVIEWS = YES;
				GENERATE_INFOPLIST_FILE = NO;
				INFOPLIST_FILE = BedLock/Info.plist;
				INFOPLIST_KEY_UILaunchScreen_Generation = YES;
				INFOPLIST_KEY_UISupportedInterfaceOrientations = UIInterfaceOrientationPortrait;
				IPHONEOS_DEPLOYMENT_TARGET = 18.0;
				LD_RUNPATH_SEARCH_PATHS = (
					"$(inherited)",
					"@executable_path/Frameworks",
				);
				MARKETING_VERSION = 1.0;
				PRODUCT_BUNDLE_IDENTIFIER = com.bedlock.app;
				PRODUCT_NAME = "$(TARGET_NAME)";
				SWIFT_EMIT_LOC_STRINGS = YES;
				SWIFT_VERSION = 5.0;
				TARGETED_DEVICE_FAMILY = 1;
			};
			name = Release;
		};
/* End XCBuildConfiguration section */

/* Begin XCConfigurationList section */
		BF2A46F4F48A464088E19F11 /* Build configuration list for PBXProject "BedLock" */ = {
			isa = XCConfigurationList;
			buildConfigurations = (
				3939D81EED19499BB4FEB6E9 /* Debug */,
				0E99B257650F4A76BA793629 /* Release */,
			);
			defaultConfigurationIsVisible = 0;
			defaultConfigurationName = Release;
		};
		13BC19ECD4464F14B1B3D812 /* Build configuration list for PBXNativeTarget "BedLock" */ = {
			isa = XCConfigurationList;
			buildConfigurations = (
				50D5CB9B97E042ADB7F0B249 /* Debug */,
				5FC0743542BC408291E81CDF /* Release */,
			);
			defaultConfigurationIsVisible = 0;
			defaultConfigurationName = Release;
		};
/* End XCConfigurationList section */

	};
	rootObject = 61C909EA8FF3418C8622F238 /* Project object */;
}